<?xml version="1.0" encoding="UTF-8" standalone="yes" ?>
<CodeBlocks_project_file>
	<FileVersion major="1" minor="6" />
	<Project>
		<Option title="Project Template" />
		<Option pch_mode="2" />
		<Option compiler="gcc" />
		<Build>
			<Target title="release">
				<Option output="bin/release/Project Template" prefix_auto="1" extension_auto="1" />
				<Option object_output="obj/release/" />
				<Option type="0" />
				<Option compiler="gcc" />
				<Compiler>
					<Add option="-O2" />
				</Compiler>
				<Linker>
					<Add option="-s" />
				</Linker>
			</Target>
			<Target title="debug">
				<Option output="bin/debug/Project Template" prefix_auto="1" extension_auto="1" />
				<Option object_output="obj/debug/" />
				<Option type="1" />
				<Option compiler="gcc" />
				<Compiler>
					<Add option="-pg" />
					<Add option="-g" />
				</Compiler>
				<Linker>
					<Add option="-pg -lgmon" />
				</Linker>
			</Target>
		</Build>
		<Compiler>
			<Add option="-pedantic" />
			<Add option="-Wextra" />
			<Add option="-Wno-unused-parameter" />
			<Add option="-Wall" />
			<Add option="-std=c++11" />
			<Add option="-DGLEW_STATIC" />
		</Compiler>
		<Linker>
			<Add option="-lmingw32 -lSDL2main -lSDL2 -lglew32s -lopengl32 -lfreetype" />
		</Linker>
		<Unit filename="src/Scene/GameScene.cpp" />
		<Unit filename="src/Scene/GameScene.hpp" />
		<Unit filename="src/Scene/GameSceneInput.cpp" />
		<Unit filename="src/Scene/MenuScene.cpp" />
		<Unit filename="src/Scene/MenuScene.hpp" />
		<Unit filename="src/Scene/MenuSceneInput.cpp" />
		<Unit filename="src/Scene/Model/Entity.cpp" />
		<Unit filename="src/Scene/Model/Entity.hpp" />
		<Unit filename="src/Scene/Model/EntityManager.hpp" />
		<Unit filename="src/Scene/Model/Explosion.cpp" />
		<Unit filename="src/Scene/Model/Explosion.hpp" />
		<Unit filename="src/Scene/Model/GameModelManager.cpp" />
		<Unit filename="src/Scene/Model/GameModelManager.hpp" />
		<Unit filename="src/Scene/Model/MenuModelManager.cpp" />
		<Unit filename="src/Scene/Model/MenuModelManager.hpp" />
		<Unit filename="src/Scene/Model/Mob.cpp" />
		<Unit filename="src/Scene/Model/Mob.hpp" />
		<Unit filename="src/Scene/Model/ModelManager.cpp" />
		<Unit filename="src/Scene/Model/ModelManager.hpp" />
		<Unit filename="src/Scene/Model/Particle.cpp" />
		<Unit filename="src/Scene/Model/Particle.hpp" />
		<Unit filename="src/Scene/Model/Projectile.cpp" />
		<Unit filename="src/Scene/Model/Projectile.hpp" />
		<Unit filename="src/Scene/Scene.cpp" />
		<Unit filename="src/Scene/Scene.hpp" />
		<Unit filename="src/Scene/Widget/GuiRegion.cpp" />
		<Unit filename="src/Scene/Widget/GuiRegion.hpp" />
		<Unit filename="src/Scene/Widget/Widget.cpp" />
		<Unit filename="src/Scene/Widget/Widget.hpp" />
		<Unit filename="src/Scene/Widget/WidgetManager.cpp" />
		<Unit filename="src/Scene/Widget/WidgetManager.hpp" />
		<Unit filename="src/system/MainApp.cpp" />
		<Unit filename="src/system/MainApp.hpp" />
		<Unit filename="src/system/Message.cpp" />
		<Unit filename="src/system/Message.hpp" />
		<Unit filename="src/system/MessageHandler.cpp" />
		<Unit filename="src/system/MessageHandler.hpp" />
		<Unit filename="src/system/SceneTransitMessage.cpp" />
		<Unit filename="src/system/SceneTransitMessage.hpp" />
		<Unit filename="src/system/Settings.cpp" />
		<Unit filename="src/system/Settings.hpp" />
		<Unit filename="src/system/main.cpp" />
		<Unit filename="src/ui/Draw.cpp" />
		<Unit filename="src/ui/GLUtil.cpp" />
		<Unit filename="src/ui/GLUtil.hpp" />
		<Unit filename="src/ui/Init.cpp" />
		<Unit filename="src/ui/InitOpenGL.cpp" />
		<Unit filename="src/ui/InitSDL.cpp" />
		<Unit filename="src/ui/InitWindow.cpp" />
		<Unit filename="src/ui/Input.cpp" />
		<Unit filename="src/ui/InputState.cpp" />
		<Unit filename="src/ui/InputState.hpp" />
		<Unit filename="src/ui/ModelCamera.cpp" />
		<Unit filename="src/ui/ModelCamera.hpp" />
		<Unit filename="src/ui/ShaderProgram.cpp" />
		<Unit filename="src/ui/ShaderProgram.hpp" />
		<Unit filename="src/ui/Sprite.cpp" />
		<Unit filename="src/ui/Sprite.hpp" />
		<Unit filename="src/ui/SpriteId.hpp" />
		<Unit filename="src/ui/SpriteLoad.cpp" />
		<Unit filename="src/ui/SpriteManager.cpp" />
		<Unit filename="src/ui/SpriteManager.hpp" />
		<Unit filename="src/ui/TextManager.cpp" />
		<Unit filename="src/ui/TextManager.hpp" />
		<Unit filename="src/ui/Texture.cpp" />
		<Unit filename="src/ui/Texture.hpp" />
		<Unit filename="src/ui/UiManager.cpp" />
		<Unit filename="src/ui/UiManager.hpp" />
		<Unit filename="src/ui/default.frag" />
		<Unit filename="src/ui/default.vert" />
		<Unit filename="src/util/Timer.cpp" />
		<Unit filename="src/util/Timer.hpp" />
		<Unit filename="src/util/math.cpp" />
		<Unit filename="src/util/math.hpp" />
		<Extensions>
			<lib_finder disable_auto="1" />
		</Extensions>
	</Project>
</CodeBlocks_project_file>
